{
  "name": "swatches",
  "version": "1.0.0",
  "lockfileVersion": 1,
  "requires": true,
  "dependencies": {
    "now": {
      "version": "11.2.4",
      "resolved": "https://registry.npmjs.org/now/-/now-11.2.4.tgz",
      "integrity": "sha512-cDxpKC08pY78ekNQwaaWTlJiSPLkLA6L9W6dpl2zx10gYYp33xeMrWckVJOcrSyOSD+jXybs48FgXz1LcugWxg=="
    }
  }
}
